[[package]]
name = "apscheduler"
version = "3.9.1"
description = "In-process task scheduler with Cron-like capabilities"
category = "main"
optional = false
python-versions = ">=2.7, !=3.0.*, !=3.1.*, !=3.2.*, !=3.3.*, !=3.4.*, <4"

[package.dependencies]
pytz = "*"
six = ">=1.4.0"
tzlocal = ">=2.0,<3.0.0 || >=4.0.0"

[package.extras]
asyncio = ["trollius"]
doc = ["sphinx", "sphinx-rtd-theme"]
gevent = ["gevent"]
mongodb = ["pymongo (>=3.0)"]
redis = ["redis (>=3.0)"]
rethinkdb = ["rethinkdb (>=2.4.0)"]
sqlalchemy = ["sqlalchemy (>=0.8)"]
testing = ["pytest", "pytest-cov", "pytest-tornado5", "mock", "pytest-asyncio (<0.6)", "pytest-asyncio"]
tornado = ["tornado (>=4.3)"]
twisted = ["twisted"]
zookeeper = ["kazoo"]

[[package]]
name = "flake8"
version = "4.0.1"
description = "the modular source code checker: pep8 pyflakes and co"
category = "main"
optional = false
python-versions = ">=3.6"

[package.dependencies]
mccabe = ">=0.6.0,<0.7.0"
pycodestyle = ">=2.8.0,<2.9.0"
pyflakes = ">=2.4.0,<2.5.0"

[[package]]
name = "mccabe"
version = "0.6.1"
description = "McCabe checker, plugin for flake8"
category = "main"
optional = false
python-versions = "*"

[[package]]
name = "psutil"
version = "5.9.0"
description = "Cross-platform lib for process and system monitoring in Python."
category = "main"
optional = false
python-versions = ">=2.6, !=3.0.*, !=3.1.*, !=3.2.*, !=3.3.*"

[package.extras]
test = ["ipaddress", "mock", "unittest2", "enum34", "pywin32", "wmi"]

[[package]]
name = "pycodestyle"
version = "2.8.0"
description = "Python style guide checker"
category = "main"
optional = false
python-versions = ">=2.7, !=3.0.*, !=3.1.*, !=3.2.*, !=3.3.*, !=3.4.*"

[[package]]
name = "pyflakes"
version = "2.4.0"
description = "passive checker of Python programs"
category = "main"
optional = false
python-versions = ">=2.7, !=3.0.*, !=3.1.*, !=3.2.*, !=3.3.*"

[[package]]
name = "pyjavaproperties3"
version = "0.6"
description = "Python 3 replacement for java.util.Properties."
category = "main"
optional = false
python-versions = "*"

[[package]]
name = "pymodbustcp"
version = "0.1.10"
description = "A simple Modbus/TCP library for Python"
category = "main"
optional = false
python-versions = "*"

[[package]]
name = "pymongo"
version = "4.1.1"
description = "Python driver for MongoDB <http://www.mongodb.org>"
category = "main"
optional = false
python-versions = ">=3.6.2"

[package.extras]
aws = ["pymongo-auth-aws (<2.0.0)"]
encryption = ["pymongocrypt (>=1.2.0,<2.0.0)"]
gssapi = ["pykerberos"]
ocsp = ["pyopenssl (>=17.2.0)", "requests (<3.0.0)", "service-identity (>=18.1.0)", "certifi"]
snappy = ["python-snappy"]
srv = ["dnspython (>=1.16.0,<3.0.0)"]
zstd = ["zstandard"]

[[package]]
name = "pytz"
version = "2022.1"
description = "World timezone definitions, modern and historical"
category = "main"
optional = false
python-versions = "*"

[[package]]
name = "pytz-deprecation-shim"
version = "0.1.0.post0"
description = "Shims to make deprecation of pytz easier"
category = "main"
optional = false
python-versions = "!=3.0.*,!=3.1.*,!=3.2.*,!=3.3.*,!=3.4.*,!=3.5.*,>=2.7"

[package.dependencies]
tzdata = {version = "*", markers = "python_version >= \"3.6\""}

[[package]]
name = "six"
version = "1.16.0"
description = "Python 2 and 3 compatibility utilities"
category = "main"
optional = false
python-versions = ">=2.7, !=3.0.*, !=3.1.*, !=3.2.*"

[[package]]
name = "tzdata"
version = "2022.1"
description = "Provider of IANA time zone data"
category = "main"
optional = false
python-versions = ">=2"

[[package]]
name = "tzlocal"
version = "4.2"
description = "tzinfo object for the local timezone"
category = "main"
optional = false
python-versions = ">=3.6"

[package.dependencies]
pytz-deprecation-shim = "*"
tzdata = {version = "*", markers = "platform_system == \"Windows\""}

[package.extras]
devenv = ["black", "pyroma", "pytest-cov", "zest.releaser"]
test = ["pytest-mock (>=3.3)", "pytest (>=4.3)"]

[metadata]
lock-version = "1.1"
python-versions = "^3.9"
content-hash = "dd2e4565ab231d4dfc9b8505e6671a49698e67387896f4b8c96af67c786d3bb9"

[metadata.files]
apscheduler = [
    {file = "APScheduler-3.9.1-py2.py3-none-any.whl", hash = "sha256:ddc25a0ddd899de44d7f451f4375fb971887e65af51e41e5dcf681f59b8b2c9a"},
    {file = "APScheduler-3.9.1.tar.gz", hash = "sha256:65e6574b6395498d371d045f2a8a7e4f7d50c6ad21ef7313d15b1c7cf20df1e3"},
]
flake8 = [
    {file = "flake8-4.0.1-py2.py3-none-any.whl", hash = "sha256:479b1304f72536a55948cb40a32dce8bb0ffe3501e26eaf292c7e60eb5e0428d"},
    {file = "flake8-4.0.1.tar.gz", hash = "sha256:806e034dda44114815e23c16ef92f95c91e4c71100ff52813adf7132a6ad870d"},
]
mccabe = [
    {file = "mccabe-0.6.1-py2.py3-none-any.whl", hash = "sha256:ab8a6258860da4b6677da4bd2fe5dc2c659cff31b3ee4f7f5d64e79735b80d42"},
    {file = "mccabe-0.6.1.tar.gz", hash = "sha256:dd8d182285a0fe56bace7f45b5e7d1a6ebcbf524e8f3bd87eb0f125271b8831f"},
]
psutil = [
    {file = "psutil-5.9.0-cp27-cp27m-manylinux2010_i686.whl", hash = "sha256:55ce319452e3d139e25d6c3f85a1acf12d1607ddedea5e35fb47a552c051161b"},
    {file = "psutil-5.9.0-cp27-cp27m-manylinux2010_x86_64.whl", hash = "sha256:7336292a13a80eb93c21f36bde4328aa748a04b68c13d01dfddd67fc13fd0618"},
    {file = "psutil-5.9.0-cp27-cp27mu-manylinux2010_i686.whl", hash = "sha256:cb8d10461c1ceee0c25a64f2dd54872b70b89c26419e147a05a10b753ad36ec2"},
    {file = "psutil-5.9.0-cp27-cp27mu-manylinux2010_x86_64.whl", hash = "sha256:7641300de73e4909e5d148e90cc3142fb890079e1525a840cf0dfd39195239fd"},
    {file = "psutil-5.9.0-cp27-none-win32.whl", hash = "sha256:ea42d747c5f71b5ccaa6897b216a7dadb9f52c72a0fe2b872ef7d3e1eacf3ba3"},
    {file = "psutil-5.9.0-cp27-none-win_amd64.whl", hash = "sha256:ef216cc9feb60634bda2f341a9559ac594e2eeaadd0ba187a4c2eb5b5d40b91c"},
    {file = "psutil-5.9.0-cp310-cp310-macosx_10_9_x86_64.whl", hash = "sha256:90a58b9fcae2dbfe4ba852b57bd4a1dded6b990a33d6428c7614b7d48eccb492"},
    {file = "psutil-5.9.0-cp310-cp310-manylinux_2_12_i686.manylinux2010_i686.manylinux_2_17_i686.manylinux2014_i686.whl", hash = "sha256:ff0d41f8b3e9ebb6b6110057e40019a432e96aae2008951121ba4e56040b84f3"},
    {file = "psutil-5.9.0-cp310-cp310-manylinux_2_12_x86_64.manylinux2010_x86_64.manylinux_2_17_x86_64.manylinux2014_x86_64.whl", hash = "sha256:742c34fff804f34f62659279ed5c5b723bb0195e9d7bd9907591de9f8f6558e2"},
    {file = "psutil-5.9.0-cp310-cp310-win32.whl", hash = "sha256:8293942e4ce0c5689821f65ce6522ce4786d02af57f13c0195b40e1edb1db61d"},
    {file = "psutil-5.9.0-cp310-cp310-win_amd64.whl", hash = "sha256:9b51917c1af3fa35a3f2dabd7ba96a2a4f19df3dec911da73875e1edaf22a40b"},
    {file = "psutil-5.9.0-cp36-cp36m-macosx_10_9_x86_64.whl", hash = "sha256:e9805fed4f2a81de98ae5fe38b75a74c6e6ad2df8a5c479594c7629a1fe35f56"},
    {file = "psutil-5.9.0-cp36-cp36m-manylinux_2_12_i686.manylinux2010_i686.manylinux_2_17_i686.manylinux2014_i686.whl", hash = "sha256:c51f1af02334e4b516ec221ee26b8fdf105032418ca5a5ab9737e8c87dafe203"},
    {file = "psutil-5.9.0-cp36-cp36m-manylinux_2_12_x86_64.manylinux2010_x86_64.manylinux_2_17_x86_64.manylinux2014_x86_64.whl", hash = "sha256:32acf55cb9a8cbfb29167cd005951df81b567099295291bcfd1027365b36591d"},
    {file = "psutil-5.9.0-cp36-cp36m-win32.whl", hash = "sha256:e5c783d0b1ad6ca8a5d3e7b680468c9c926b804be83a3a8e95141b05c39c9f64"},
    {file = "psutil-5.9.0-cp36-cp36m-win_amd64.whl", hash = "sha256:d62a2796e08dd024b8179bd441cb714e0f81226c352c802fca0fd3f89eeacd94"},
    {file = "psutil-5.9.0-cp37-cp37m-macosx_10_9_x86_64.whl", hash = "sha256:3d00a664e31921009a84367266b35ba0aac04a2a6cad09c550a89041034d19a0"},
    {file = "psutil-5.9.0-cp37-cp37m-manylinux_2_12_i686.manylinux2010_i686.manylinux_2_17_i686.manylinux2014_i686.whl", hash = "sha256:7779be4025c540d1d65a2de3f30caeacc49ae7a2152108adeaf42c7534a115ce"},
    {file = "psutil-5.9.0-cp37-cp37m-manylinux_2_12_x86_64.manylinux2010_x86_64.manylinux_2_17_x86_64.manylinux2014_x86_64.whl", hash = "sha256:072664401ae6e7c1bfb878c65d7282d4b4391f1bc9a56d5e03b5a490403271b5"},
    {file = "psutil-5.9.0-cp37-cp37m-win32.whl", hash = "sha256:df2c8bd48fb83a8408c8390b143c6a6fa10cb1a674ca664954de193fdcab36a9"},
    {file = "psutil-5.9.0-cp37-cp37m-win_amd64.whl", hash = "sha256:1d7b433519b9a38192dfda962dd8f44446668c009833e1429a52424624f408b4"},
    {file = "psutil-5.9.0-cp38-cp38-macosx_10_9_x86_64.whl", hash = "sha256:c3400cae15bdb449d518545cbd5b649117de54e3596ded84aacabfbb3297ead2"},
    {file = "psutil-5.9.0-cp38-cp38-manylinux_2_12_i686.manylinux2010_i686.manylinux_2_17_i686.manylinux2014_i686.whl", hash = "sha256:b2237f35c4bbae932ee98902a08050a27821f8f6dfa880a47195e5993af4702d"},
    {file = "psutil-5.9.0-cp38-cp38-manylinux_2_12_x86_64.manylinux2010_x86_64.manylinux_2_17_x86_64.manylinux2014_x86_64.whl", hash = "sha256:1070a9b287846a21a5d572d6dddd369517510b68710fca56b0e9e02fd24bed9a"},
    {file = "psutil-5.9.0-cp38-cp38-win32.whl", hash = "sha256:76cebf84aac1d6da5b63df11fe0d377b46b7b500d892284068bacccf12f20666"},
    {file = "psutil-5.9.0-cp38-cp38-win_amd64.whl", hash = "sha256:3151a58f0fbd8942ba94f7c31c7e6b310d2989f4da74fcbf28b934374e9bf841"},
    {file = "psutil-5.9.0-cp39-cp39-macosx_10_9_x86_64.whl", hash = "sha256:539e429da49c5d27d5a58e3563886057f8fc3868a5547b4f1876d9c0f007bccf"},
    {file = "psutil-5.9.0-cp39-cp39-manylinux_2_12_i686.manylinux2010_i686.manylinux_2_17_i686.manylinux2014_i686.whl", hash = "sha256:58c7d923dc209225600aec73aa2c4ae8ea33b1ab31bc11ef8a5933b027476f07"},
    {file = "psutil-5.9.0-cp39-cp39-manylinux_2_12_x86_64.manylinux2010_x86_64.manylinux_2_17_x86_64.manylinux2014_x86_64.whl", hash = "sha256:3611e87eea393f779a35b192b46a164b1d01167c9d323dda9b1e527ea69d697d"},
    {file = "psutil-5.9.0-cp39-cp39-win32.whl", hash = "sha256:4e2fb92e3aeae3ec3b7b66c528981fd327fb93fd906a77215200404444ec1845"},
    {file = "psutil-5.9.0-cp39-cp39-win_amd64.whl", hash = "sha256:7d190ee2eaef7831163f254dc58f6d2e2a22e27382b936aab51c835fc080c3d3"},
    {file = "psutil-5.9.0.tar.gz", hash = "sha256:869842dbd66bb80c3217158e629d6fceaecc3a3166d3d1faee515b05dd26ca25"},
]
pycodestyle = [
    {file = "pycodestyle-2.8.0-py2.py3-none-any.whl", hash = "sha256:720f8b39dde8b293825e7ff02c475f3077124006db4f440dcbc9a20b76548a20"},
    {file = "pycodestyle-2.8.0.tar.gz", hash = "sha256:eddd5847ef438ea1c7870ca7eb78a9d47ce0cdb4851a5523949f2601d0cbbe7f"},
]
pyflakes = [
    {file = "pyflakes-2.4.0-py2.py3-none-any.whl", hash = "sha256:3bb3a3f256f4b7968c9c788781e4ff07dce46bdf12339dcda61053375426ee2e"},
    {file = "pyflakes-2.4.0.tar.gz", hash = "sha256:05a85c2872edf37a4ed30b0cce2f6093e1d0581f8c19d7393122da7e25b2b24c"},
]
pyjavaproperties3 = [
    {file = "pyjavaproperties3-0.6-py3-none-any.whl", hash = "sha256:668656f36ec6192944f5d0c99eee6a3e3945e669b052d8fd8ccb9cb29aae2500"},
    {file = "pyjavaproperties3-0.6.tar.gz", hash = "sha256:19a60b02654c2e1eaaaf386c98b14b7b7808bdb04341d9d2fd00498dd080ee87"},
]
pymodbustcp = [
    {file = "pyModbusTCP-0.1.10.tar.gz", hash = "sha256:88079e718d0d43a4a26c1792cce1b6bf058f533050fef40185f9e521db7666cd"},
]
pymongo = [
    {file = "pymongo-4.1.1-cp310-cp310-macosx_10_9_universal2.whl", hash = "sha256:eff9818b7671a55f1ce781398607e0d8c304cd430c0581fbe15b868a7a371c27"},
    {file = "pymongo-4.1.1-cp310-cp310-manylinux1_i686.whl", hash = "sha256:7507439cd799295893b5602f438f8b6a0f483efb00720df1aa33a39102b41bcf"},
    {file = "pymongo-4.1.1-cp310-cp310-manylinux2014_aarch64.whl", hash = "sha256:c759e1e0333664831d8d1d6b26cf59f23f3707758f696c71f506504b33130f81"},
    {file = "pymongo-4.1.1-cp310-cp310-manylinux2014_i686.whl", hash = "sha256:69beffb048de19f7c18617b90e38cbddfac20077b1826c27c3fe2e3ef8ac5a43"},
    {file = "pymongo-4.1.1-cp310-cp310-manylinux2014_ppc64le.whl", hash = "sha256:cbcac9263f500da94405cc9fc7e7a42a3ba6c2fe88b2cd7039737cba44c66889"},
    {file = "pymongo-4.1.1-cp310-cp310-manylinux2014_s390x.whl", hash = "sha256:d4ba5b4f1a0334dbe673f767f28775744e793fcb9ea57a1d72bc622c9f90e6b4"},
    {file = "pymongo-4.1.1-cp310-cp310-manylinux2014_x86_64.whl", hash = "sha256:c575f9499e5f540e034ff87bef894f031ae613a98b0d1d3afcc1f482527d5f1c"},
    {file = "pymongo-4.1.1-cp310-cp310-manylinux_2_17_aarch64.manylinux2014_aarch64.whl", hash = "sha256:89f32d8450e15b0c11efdc81e2704d68c502c889d48415a50add9fa031144f75"},
    {file = "pymongo-4.1.1-cp310-cp310-manylinux_2_17_ppc64le.manylinux2014_ppc64le.whl", hash = "sha256:a1417cb339a367a5dfd0e50193a1c0e87e31325547a0e7624ee4ff414c0b53b3"},
    {file = "pymongo-4.1.1-cp310-cp310-manylinux_2_17_s390x.manylinux2014_s390x.whl", hash = "sha256:56b856a459762a3c052987e28ed2bd4b874f0be6671d2cc4f74c4891f47f997a"},
    {file = "pymongo-4.1.1-cp310-cp310-manylinux_2_17_x86_64.manylinux2014_x86_64.whl", hash = "sha256:a938d4d5b530f8ea988afb80817209eabc150c53b8c7af79d40080313a35e470"},
    {file = "pymongo-4.1.1-cp310-cp310-manylinux_2_5_i686.manylinux1_i686.manylinux_2_17_i686.manylinux2014_i686.whl", hash = "sha256:c604831daf2e7e5979ecd97a90cb8c4a7bae208ff45bc792e32eae09c3281afb"},
    {file = "pymongo-4.1.1-cp310-cp310-win32.whl", hash = "sha256:f9405c02af86850e0a8a8ba777b7e7609e0d07bff46adc4f78892cc2d5456018"},
    {file = "pymongo-4.1.1-cp310-cp310-win_amd64.whl", hash = "sha256:e13ddfe2ead9540e8773cae098f54c5206d6fcef64846a3e5042db47fc3a41ed"},
    {file = "pymongo-4.1.1-cp36-cp36m-macosx_10_6_intel.whl", hash = "sha256:7f36eacc70849d40ce86c85042ecfcbeab810691b1a3b08062ede32a2d6521ac"},
    {file = "pymongo-4.1.1-cp36-cp36m-manylinux1_i686.whl", hash = "sha256:302ac0f4825501ab0900b8f1a2bb2dc7d28f69c7f15fbc799fb26f9b9ebb1ecb"},
    {file = "pymongo-4.1.1-cp36-cp36m-manylinux1_x86_64.whl", hash = "sha256:9ee1b019a4640bf39c0705ab65e934cfe6b89f1a8dc26f389fae3d7c62358d6f"},
    {file = "pymongo-4.1.1-cp36-cp36m-manylinux2014_aarch64.whl", hash = "sha256:c3637cfce519560e2a2579d05eb81e912d109283b8ddc8de46f57ec20d273d92"},
    {file = "pymongo-4.1.1-cp36-cp36m-manylinux2014_i686.whl", hash = "sha256:a0d7c6d6fbca62508ea525abd869fca78ecf68cd3bcf6ae67ec478aa37cf39c0"},
    {file = "pymongo-4.1.1-cp36-cp36m-manylinux2014_ppc64le.whl", hash = "sha256:f1fba193ab2f25849e24caa4570611aa2f80bc1c1ba791851523734b4ed69e43"},
    {file = "pymongo-4.1.1-cp36-cp36m-manylinux2014_s390x.whl", hash = "sha256:c8a2743dd50629c0222f26c5f55975e45841d985b4b1c7a54b3f03b53de3427d"},
    {file = "pymongo-4.1.1-cp36-cp36m-manylinux2014_x86_64.whl", hash = "sha256:8357aa727094798f1d831339ecfd8b3e388c01db6015a3cbd51790cb75e39994"},
    {file = "pymongo-4.1.1-cp36-cp36m-manylinux_2_17_aarch64.manylinux2014_aarch64.whl", hash = "sha256:0f7e3872fb7b61ec574b7e04302ea03928b670df583f8691cb1df6e54cd42b19"},
    {file = "pymongo-4.1.1-cp36-cp36m-manylinux_2_17_ppc64le.manylinux2014_ppc64le.whl", hash = "sha256:4aa4800530782f7d38aeb169476a5bc692aacc394686f0ca3866e4bb85c9aa3f"},
    {file = "pymongo-4.1.1-cp36-cp36m-manylinux_2_17_s390x.manylinux2014_s390x.whl", hash = "sha256:7d69a3d980ecbf7238ab37b9027c87ad3b278bb3742a150fc33b5a8a9d990431"},
    {file = "pymongo-4.1.1-cp36-cp36m-manylinux_2_17_x86_64.manylinux2014_x86_64.whl", hash = "sha256:df9084e06efb3d59608a6a443faa9861828585579f0ae8e95f5a4dab70f1a00f"},
    {file = "pymongo-4.1.1-cp36-cp36m-manylinux_2_5_i686.manylinux1_i686.manylinux_2_17_i686.manylinux2014_i686.whl", hash = "sha256:be3ba736aabf856195199208ed37459408c932940cbccd2dc9f6ff2e800b0261"},
    {file = "pymongo-4.1.1-cp36-cp36m-manylinux_2_5_i686.manylinux1_i686.whl", hash = "sha256:8f106468062ac7ff03e3522a66cb7b36c662326d8eb7af1be0f30563740ff002"},
    {file = "pymongo-4.1.1-cp36-cp36m-manylinux_2_5_x86_64.manylinux1_x86_64.whl", hash = "sha256:019a4c13ef1d9accd08de70247068671b116a0383adcd684f6365219f29f41cd"},
    {file = "pymongo-4.1.1-cp36-cp36m-win32.whl", hash = "sha256:a7d1c8830a7bc10420ceb60a256d25ab5b032a6dad12a46af6ab2e470cee9124"},
    {file = "pymongo-4.1.1-cp36-cp36m-win_amd64.whl", hash = "sha256:08a619c92769bd7346434dfc331a3aa8dc63bee80ed0be250bb0e878c69a6f3e"},
    {file = "pymongo-4.1.1-cp37-cp37m-macosx_10_6_intel.whl", hash = "sha256:c1349331fa743eed4042f9652200e60596f8beb957554acbcbb42aad4272c606"},
    {file = "pymongo-4.1.1-cp37-cp37m-manylinux1_i686.whl", hash = "sha256:8a1de8931cdad8cd12724e12a6167eef8cb478cc3ee5d2c9f4670c934f2975e1"},
    {file = "pymongo-4.1.1-cp37-cp37m-manylinux1_x86_64.whl", hash = "sha256:86b18420f00d5977bda477369ac85e04185ef94046a04ae0d85f5a807d1a8eb4"},
    {file = "pymongo-4.1.1-cp37-cp37m-manylinux2014_aarch64.whl", hash = "sha256:84dc6bfeaeba98fe93fc837b12f9af4842694cdbde18083f150e80aec3de88f9"},
    {file = "pymongo-4.1.1-cp37-cp37m-manylinux2014_i686.whl", hash = "sha256:306336dab4537b2343e52ec34017c3051c3aee5a961fff4915ab27f7e6d9b1e9"},
    {file = "pymongo-4.1.1-cp37-cp37m-manylinux2014_ppc64le.whl", hash = "sha256:c481cd1af2a77f58f495f7f87c2d715c6f1179d07c1ec927cca1f7977a2d99aa"},
    {file = "pymongo-4.1.1-cp37-cp37m-manylinux2014_s390x.whl", hash = "sha256:cce1b7a680653e31ff2b252f19a39f1ded578a35a96c419ddb9632c62d2af7d8"},
    {file = "pymongo-4.1.1-cp37-cp37m-manylinux2014_x86_64.whl", hash = "sha256:35d02603c2318676fca5049cdc722bb2e7a378eaccf139ad767365e0eb3bcdbe"},
    {file = "pymongo-4.1.1-cp37-cp37m-manylinux_2_17_aarch64.manylinux2014_aarch64.whl", hash = "sha256:cf96799b3e5e2e2f6dbca015f72b28e7ae415ce8147472f89a3704a035d6336d"},
    {file = "pymongo-4.1.1-cp37-cp37m-manylinux_2_17_ppc64le.manylinux2014_ppc64le.whl", hash = "sha256:7aa40509dd9f75c256f0a7533d5e2ccef711dbbf0d91c13ac937d21d76d71656"},
    {file = "pymongo-4.1.1-cp37-cp37m-manylinux_2_17_s390x.manylinux2014_s390x.whl", hash = "sha256:4d1cdece06156542c18b691511a01fe78a694b9fa287ffd8e15680dbf2beeed5"},
    {file = "pymongo-4.1.1-cp37-cp37m-manylinux_2_17_x86_64.manylinux2014_x86_64.whl", hash = "sha256:17df40753085ccba38a0e150001f757910d66440d9b5deced30ed4cc8b45b6f3"},
    {file = "pymongo-4.1.1-cp37-cp37m-manylinux_2_5_i686.manylinux1_i686.manylinux_2_17_i686.manylinux2014_i686.whl", hash = "sha256:4516a5ce2beaebddc74d6e304ed520324dda99573c310ef4078284b026f81e93"},
    {file = "pymongo-4.1.1-cp37-cp37m-manylinux_2_5_i686.manylinux1_i686.whl", hash = "sha256:52c8b7bffd2140818ade2aa28c24cfe47935a7273a3bb976d1d8fb17e716536f"},
    {file = "pymongo-4.1.1-cp37-cp37m-manylinux_2_5_x86_64.manylinux1_x86_64.whl", hash = "sha256:7dae2cf84a09329617b08731b95ad1fc98d50a9b40c2007e351438bd119a2f7a"},
    {file = "pymongo-4.1.1-cp37-cp37m-win32.whl", hash = "sha256:0a3474e6a0df0077a44573727341df6627042df5ca61ea5373c157bb6512ccc7"},
    {file = "pymongo-4.1.1-cp37-cp37m-win_amd64.whl", hash = "sha256:deb83cc9f639045e2febcc8d4306d4b83893af8d895f2ed70aa342a3430b534c"},
    {file = "pymongo-4.1.1-cp38-cp38-macosx_10_9_x86_64.whl", hash = "sha256:298908478d07871dbe17e9ccd37a10a27ad3f37cc1faaf0cc4d205da3c3e8539"},
    {file = "pymongo-4.1.1-cp38-cp38-manylinux1_i686.whl", hash = "sha256:5d6ef3fa41f3e3be93483a77f81dea8c7ce5ed4411382a31af2b09b9ec5d9585"},
    {file = "pymongo-4.1.1-cp38-cp38-manylinux1_x86_64.whl", hash = "sha256:d06ed18917dbc7a938c4231cbbec52a7e474be270b2ef9208abb4d5a34f5ceb9"},
    {file = "pymongo-4.1.1-cp38-cp38-manylinux2014_aarch64.whl", hash = "sha256:4e4d2babb8737d650250d0fa940ffa1b88aa92b8eb399af093734950a1eeca45"},
    {file = "pymongo-4.1.1-cp38-cp38-manylinux2014_i686.whl", hash = "sha256:303d1b3da2461586379d98b344b529598c8156857285ba5bd156dab1c875d1f6"},
    {file = "pymongo-4.1.1-cp38-cp38-manylinux2014_ppc64le.whl", hash = "sha256:6396f0db060db9d8751167ea08f3a77a41a71cd39236fade4409394e57b377e8"},
    {file = "pymongo-4.1.1-cp38-cp38-manylinux2014_s390x.whl", hash = "sha256:9a4ea87a0401c06b687db29e2ae836b2b58480ab118cb6eea8ac2ef45a4345f8"},
    {file = "pymongo-4.1.1-cp38-cp38-manylinux2014_x86_64.whl", hash = "sha256:49bb36986f11da2da190a2e777a411c0a28eeb8623850091ea8099b84e3860c7"},
    {file = "pymongo-4.1.1-cp38-cp38-manylinux_2_17_aarch64.manylinux2014_aarch64.whl", hash = "sha256:5cae9c935cdc53e4729920543b7d990615a115d85f32144773bc4b2b05144628"},
    {file = "pymongo-4.1.1-cp38-cp38-manylinux_2_17_ppc64le.manylinux2014_ppc64le.whl", hash = "sha256:baf7546afd27be4f96f23307d7c295497fb512875167743b14a7457b95761294"},
    {file = "pymongo-4.1.1-cp38-cp38-manylinux_2_17_s390x.manylinux2014_s390x.whl", hash = "sha256:07f50a3b8a3afb086089abcd9ab562fb2a27b63fd7017ca13dfe7b663c8f3762"},
    {file = "pymongo-4.1.1-cp38-cp38-manylinux_2_17_x86_64.manylinux2014_x86_64.whl", hash = "sha256:0b8a1c766de29173ddbd316dbd75a97b19a4cf9ac45a39ad4f53426e5df1483b"},
    {file = "pymongo-4.1.1-cp38-cp38-manylinux_2_5_i686.manylinux1_i686.manylinux_2_17_i686.manylinux2014_i686.whl", hash = "sha256:a9a2c377106fe01a57bad0f703653de286d56ee5285ed36c6953535cfa11f928"},
    {file = "pymongo-4.1.1-cp38-cp38-manylinux_2_5_i686.manylinux1_i686.whl", hash = "sha256:dfb89e92746e4a1e0d091cba73d6cc1e16b4094ebdbb14c2e96a80320feb1ad7"},
    {file = "pymongo-4.1.1-cp38-cp38-manylinux_2_5_x86_64.manylinux1_x86_64.whl", hash = "sha256:bb21e2f35d6f09aa4a6df0c716f41e036cfcf05a98323b50294f93085ad775e9"},
    {file = "pymongo-4.1.1-cp38-cp38-win32.whl", hash = "sha256:dbe92a8808cefb284e235b8f82933d7d2e24ff929fe5d53f1fd3ca55fced4b58"},
    {file = "pymongo-4.1.1-cp38-cp38-win_amd64.whl", hash = "sha256:e6eecd027b6ba5617ea6af3e12e20d578d8f4ad1bf51a9abe69c6fd4835ea532"},
    {file = "pymongo-4.1.1-cp39-cp39-macosx_10_9_x86_64.whl", hash = "sha256:fb4445e3721720c5ca14c0650f35c263b3430e6e16df9d2504618df914b3fb99"},
    {file = "pymongo-4.1.1-cp39-cp39-manylinux1_i686.whl", hash = "sha256:f6db4f00d3baad615e99a865539391243d12b113fb628ebda1d7794ce02d5a10"},
    {file = "pymongo-4.1.1-cp39-cp39-manylinux1_x86_64.whl", hash = "sha256:571a3e1ef4abeb4ac719ac381f5aada664627b4ee048d9995e93b4bcd0f70601"},
    {file = "pymongo-4.1.1-cp39-cp39-manylinux2014_aarch64.whl", hash = "sha256:c03eb43d15c8af58159e7561076634d565530aaacaf48cf4e070c3501e88a372"},
    {file = "pymongo-4.1.1-cp39-cp39-manylinux2014_i686.whl", hash = "sha256:30d35a8855f328a85e5002f0908b24e500efdf8f5f78b73098995ce111baa2a9"},
    {file = "pymongo-4.1.1-cp39-cp39-manylinux2014_ppc64le.whl", hash = "sha256:33a5693e8d1fbb7743b7e867d43c1095652a0c6fedddab6cefe6020bee2ca393"},
    {file = "pymongo-4.1.1-cp39-cp39-manylinux2014_s390x.whl", hash = "sha256:a35f1937b0560587d478fd2259a6d4f66cf511c9d28e90b52b183745eaa77d95"},
    {file = "pymongo-4.1.1-cp39-cp39-manylinux2014_x86_64.whl", hash = "sha256:4fd5c4f25d8d488ee5701c3ec786f52907dca653b47ce8709bcc2bfb0f5506ae"},
    {file = "pymongo-4.1.1-cp39-cp39-manylinux_2_17_aarch64.manylinux2014_aarch64.whl", hash = "sha256:db8a9cbe965c7343feab2e2bf9a3771f303f8a7ca401dececb6ef28e06b3b18c"},
    {file = "pymongo-4.1.1-cp39-cp39-manylinux_2_17_ppc64le.manylinux2014_ppc64le.whl", hash = "sha256:7f55a602d55e8f0feafde533c69dfd29bf0e54645ab0996b605613cda6894a85"},
    {file = "pymongo-4.1.1-cp39-cp39-manylinux_2_17_s390x.manylinux2014_s390x.whl", hash = "sha256:a4a35e83abfdac7095430e1c1476e0871e4b234e936f4a7a7631531b09a4f198"},
    {file = "pymongo-4.1.1-cp39-cp39-manylinux_2_17_x86_64.manylinux2014_x86_64.whl", hash = "sha256:32e785c37f6a0e844788c6085ea2c9c0c528348c22cebe91896705a92f2b1b26"},
    {file = "pymongo-4.1.1-cp39-cp39-manylinux_2_5_i686.manylinux1_i686.manylinux_2_17_i686.manylinux2014_i686.whl", hash = "sha256:bc62ba37bcb42e4146b853940b65a2de31c2962d2b6da9bc3ce28270d13b5c4e"},
    {file = "pymongo-4.1.1-cp39-cp39-manylinux_2_5_i686.manylinux1_i686.whl", hash = "sha256:d86511ef8217822fb8716460aaa1ece31fe9e8a48900e541cb35acb7c35e9e2e"},
    {file = "pymongo-4.1.1-cp39-cp39-manylinux_2_5_x86_64.manylinux1_x86_64.whl", hash = "sha256:e4956384340eec7b526149ac126c8aa11d32441cb3ce77a690cb4821d0d0635c"},
    {file = "pymongo-4.1.1-cp39-cp39-win32.whl", hash = "sha256:3139c9ddee379c22a9109a0b3bf4cdb64597db2bbd3909f7a2825b47226977a4"},
    {file = "pymongo-4.1.1-cp39-cp39-win_amd64.whl", hash = "sha256:f0aea377b9dfc166c8fa05bb158c30ee3d53d73f0ed2fc05ba6c638d9563422f"},
    {file = "pymongo-4.1.1.tar.gz", hash = "sha256:d7b8f25c9b0043cbaf77b8b895814e33e7a3c807a097377c07e1bd49946030d5"},
]
pytz = [
    {file = "pytz-2022.1-py2.py3-none-any.whl", hash = "sha256:e68985985296d9a66a881eb3193b0906246245294a881e7c8afe623866ac6a5c"},
    {file = "pytz-2022.1.tar.gz", hash = "sha256:1e760e2fe6a8163bc0b3d9a19c4f84342afa0a2affebfaa84b01b978a02ecaa7"},
]
pytz-deprecation-shim = [
    {file = "pytz_deprecation_shim-0.1.0.post0-py2.py3-none-any.whl", hash = "sha256:8314c9692a636c8eb3bda879b9f119e350e93223ae83e70e80c31675a0fdc1a6"},
    {file = "pytz_deprecation_shim-0.1.0.post0.tar.gz", hash = "sha256:af097bae1b616dde5c5744441e2ddc69e74dfdcb0c263129610d85b87445a59d"},
]
six = [
    {file = "six-1.16.0-py2.py3-none-any.whl", hash = "sha256:8abb2f1d86890a2dfb989f9a77cfcfd3e47c2a354b01111771326f8aa26e0254"},
    {file = "six-1.16.0.tar.gz", hash = "sha256:1e61c37477a1626458e36f7b1d82aa5c9b094fa4802892072e49de9c60c4c926"},
]
tzdata = [
    {file = "tzdata-2022.1-py2.py3-none-any.whl", hash = "sha256:238e70234214138ed7b4e8a0fab0e5e13872edab3be586ab8198c407620e2ab9"},
    {file = "tzdata-2022.1.tar.gz", hash = "sha256:8b536a8ec63dc0751342b3984193a3118f8fca2afe25752bb9b7fffd398552d3"},
]
tzlocal = [
    {file = "tzlocal-4.2-py3-none-any.whl", hash = "sha256:89885494684c929d9191c57aa27502afc87a579be5cdd3225c77c463ea043745"},
    {file = "tzlocal-4.2.tar.gz", hash = "sha256:ee5842fa3a795f023514ac2d801c4a81d1743bbe642e3940143326b3a00addd7"},
]
